
Microsoft Visual Studio Solution File, Format Version 12.00
# Visual Studio 15
VisualStudioVersion = 15.0.27703.2018
MinimumVisualStudioVersion = 10.0.40219.1
Project("{9A19103F-16F7-4668-BE54-9A1E7A4F7556}") = "ConsoleApp1", "ConsoleApp1\ConsoleApp1.csproj", "{22EBBC7F-F8AD-48AB-BD23-C22989A8583C}"
EndProject
Project("{FAE04EC0-301F-11D3-BF4B-00C04F79EFBC}") = "ConsoleApp2", "ConsoleApp2\ConsoleApp2.csproj", "{62CED8FA-0740-48F3-94C3-4F8A509E569C}"
EndProject
Project("{FAE04EC0-301F-11D3-BF4B-00C04F79EFBC}") = "ConsoleApp3", "ConsoleApp3\ConsoleApp3.csproj", "{4283CBCD-4582-4977-B069-CDCA4A183068}"
EndProject
Global
	GlobalSection(SolutionConfigurationPlatforms) = preSolution
		Debug|Any CPU = Debug|Any CPU
		Release|Any CPU = Release|Any CPU
	EndGlobalSection
	GlobalSection(ProjectConfigurationPlatforms) = postSolution
		{22EBBC7F-F8AD-48AB-BD23-C22989A8583C}.Debug|Any CPU.ActiveCfg = Debug|Any CPU
		{22EBBC7F-F8AD-48AB-BD23-C22989A8583C}.Debug|Any CPU.Build.0 = Debug|Any CPU
		{22EBBC7F-F8AD-48AB-BD23-C22989A8583C}.Release|Any CPU.ActiveCfg = Release|Any CPU
		{22EBBC7F-F8AD-48AB-BD23-C22989A8583C}.Release|Any CPU.Build.0 = Release|Any CPU
		{62CED8FA-0740-48F3-94C3-4F8A509E569C}.Debug|Any CPU.ActiveCfg = Debug|Any CPU
		{62CED8FA-0740-48F3-94C3-4F8A509E569C}.Debug|Any CPU.Build.0 = Debug|Any CPU
		{62CED8FA-0740-48F3-94C3-4F8A509E569C}.Release|Any CPU.ActiveCfg = Release|Any CPU
		{62CED8FA-0740-48F3-94C3-4F8A509E569C}.Release|Any CPU.Build.0 = Release|Any CPU
		{4283CBCD-4582-4977-B069-CDCA4A183068}.Debug|Any CPU.ActiveCfg = Debug|Any CPU
		{4283CBCD-4582-4977-B069-CDCA4A183068}.Debug|Any CPU.Build.0 = Debug|Any CPU
		{4283CBCD-4582-4977-B069-CDCA4A183068}.Release|Any CPU.ActiveCfg = Release|Any CPU
		{4283CBCD-4582-4977-B069-CDCA4A183068}.Release|Any CPU.Build.0 = Release|Any CPU
	EndGlobalSection
	GlobalSection(SolutionProperties) = preSolution
		HideSolutionNode = FALSE
	EndGlobalSection
	GlobalSection(ExtensibilityGlobals) = postSolution
		SolutionGuid = {33BB78AD-D57E-41FD-A89C-BE28608BD28E}
	EndGlobalSection
EndGlobal
