
Microsoft Visual Studio Solution File, Format Version 12.00
# Visual Studio 15
VisualStudioVersion = 15.0.27703.2018
MinimumVisualStudioVersion = 10.0.40219.1
Project("{9A19103F-16F7-4668-BE54-9A1E7A4F7556}") = "ConsoleApp1", "ConsoleApp1\ConsoleApp1.csproj", "{A9803015-9AB6-4347-862D-C9C4BEB9BBD5}"
EndProject
Project("{9A19103F-16F7-4668-BE54-9A1E7A4F7556}") = "ConsoleApp2", "ConsoleApp2\ConsoleApp2.csproj", "{26EB6429-58CD-4775-92A4-9E03F71EC473}"
EndProject
Project("{9A19103F-16F7-4668-BE54-9A1E7A4F7556}") = "ConsoleApp3", "ConsoleApp3\ConsoleApp3.csproj", "{6196162D-956F-4916-9A46-54013C9CBA92}"
EndProject
Project("{FAE04EC0-301F-11D3-BF4B-00C04F79EFBC}") = "ConsoleApp4", "ConsoleApp4\ConsoleApp4.csproj", "{1A5F5F4D-715E-4FBD-8287-AC235E93933E}"
EndProject
Global
	GlobalSection(SolutionConfigurationPlatforms) = preSolution
		Debug|Any CPU = Debug|Any CPU
		Release|Any CPU = Release|Any CPU
	EndGlobalSection
	GlobalSection(ProjectConfigurationPlatforms) = postSolution
		{A9803015-9AB6-4347-862D-C9C4BEB9BBD5}.Debug|Any CPU.ActiveCfg = Debug|Any CPU
		{A9803015-9AB6-4347-862D-C9C4BEB9BBD5}.Debug|Any CPU.Build.0 = Debug|Any CPU
		{A9803015-9AB6-4347-862D-C9C4BEB9BBD5}.Release|Any CPU.ActiveCfg = Release|Any CPU
		{A9803015-9AB6-4347-862D-C9C4BEB9BBD5}.Release|Any CPU.Build.0 = Release|Any CPU
		{26EB6429-58CD-4775-92A4-9E03F71EC473}.Debug|Any CPU.ActiveCfg = Debug|Any CPU
		{26EB6429-58CD-4775-92A4-9E03F71EC473}.Debug|Any CPU.Build.0 = Debug|Any CPU
		{26EB6429-58CD-4775-92A4-9E03F71EC473}.Release|Any CPU.ActiveCfg = Release|Any CPU
		{26EB6429-58CD-4775-92A4-9E03F71EC473}.Release|Any CPU.Build.0 = Release|Any CPU
		{6196162D-956F-4916-9A46-54013C9CBA92}.Debug|Any CPU.ActiveCfg = Debug|Any CPU
		{6196162D-956F-4916-9A46-54013C9CBA92}.Debug|Any CPU.Build.0 = Debug|Any CPU
		{6196162D-956F-4916-9A46-54013C9CBA92}.Release|Any CPU.ActiveCfg = Release|Any CPU
		{6196162D-956F-4916-9A46-54013C9CBA92}.Release|Any CPU.Build.0 = Release|Any CPU
		{1A5F5F4D-715E-4FBD-8287-AC235E93933E}.Debug|Any CPU.ActiveCfg = Debug|Any CPU
		{1A5F5F4D-715E-4FBD-8287-AC235E93933E}.Debug|Any CPU.Build.0 = Debug|Any CPU
		{1A5F5F4D-715E-4FBD-8287-AC235E93933E}.Release|Any CPU.ActiveCfg = Release|Any CPU
		{1A5F5F4D-715E-4FBD-8287-AC235E93933E}.Release|Any CPU.Build.0 = Release|Any CPU
	EndGlobalSection
	GlobalSection(SolutionProperties) = preSolution
		HideSolutionNode = FALSE
	EndGlobalSection
	GlobalSection(ExtensibilityGlobals) = postSolution
		SolutionGuid = {9F271546-CF4C-43A6-96F8-D890B4E99D63}
	EndGlobalSection
EndGlobal
